record: records/materials/generic--hertwig2024a--dense-exposed-concrete-block
schema_version: '2026.5'
target: material
name: 'dense exposed concrete block '
source: cibse2015
method: literature
legacy_id: 36248187
category: Masonry
display_colour: White
parameters:
  albedo: 0.375
  emissivity: 0.9
  thermal_conductivity: 1.87
  specific_heat: 1000
  density: 2300
parameter_provenance:
  parameters.albedo:
    method: assumed
    source_bounds:
      minimum: 0.31
      maximum: 0.44
      active_role: within
  parameters.emissivity:
    source: unreferenced
    method: assumed
